Microsoft Visual Studio Solution File, Format Version 11.00
# Visual Studio 2008

Project("{772A9D04-C3E2-F64D-C9FB-E0EDE7A6B951}") = "mistrust", "Assembly-CSharp.csproj", "{2A7CCE3F-96A5-57D0-9CBB-44E0DCEF9BB3}"
EndProject
Global
	GlobalSection(SolutionConfigurationPlatforms) = preSolution
		Debug|Any CPU = Debug|Any CPU
		Release|Any CPU = Release|Any CPU
	EndGlobalSection
	GlobalSection(ProjectConfigurationPlatforms) = postSolution
		{2A7CCE3F-96A5-57D0-9CBB-44E0DCEF9BB3}.Debug|Any CPU.ActiveCfg = Debug|Any CPU
		{2A7CCE3F-96A5-57D0-9CBB-44E0DCEF9BB3}.Debug|Any CPU.Build.0 = Debug|Any CPU
		{2A7CCE3F-96A5-57D0-9CBB-44E0DCEF9BB3}.Release|Any CPU.ActiveCfg = Release|Any CPU
		{2A7CCE3F-96A5-57D0-9CBB-44E0DCEF9BB3}.Release|Any CPU.Build.0 = Release|Any CPU
	EndGlobalSection
	GlobalSection(SolutionProperties) = preSolution
		HideSolutionNode = FALSE
	EndGlobalSection
	GlobalSection(MonoDevelopProperties) = preSolution
		StartupItem = Assembly-CSharp.csproj
	EndGlobalSection
EndGlobal
